
Microsoft Visual Studio Solution File, Format Version 12.00
# Visual Studio 15
VisualStudioVersion = 15.0.28307.1231
MinimumVisualStudioVersion = 10.0.40219.1
Project("{FAE04EC0-301F-11D3-BF4B-00C04F79EFBC}") = "BasicEncryption", "BasicEncryption\BasicEncryption.csproj", "{9494EBC2-D6B7-434E-B93B-E48DBA31DDA3}"
EndProject
Global
	GlobalSection(SolutionConfigurationPlatforms) = preSolution
		Debug|Any CPU = Debug|Any CPU
		Release|Any CPU = Release|Any CPU
	EndGlobalSection
	GlobalSection(ProjectConfigurationPlatforms) = postSolution
		{9494EBC2-D6B7-434E-B93B-E48DBA31DDA3}.Debug|Any CPU.ActiveCfg = Debug|Any CPU
		{9494EBC2-D6B7-434E-B93B-E48DBA31DDA3}.Debug|Any CPU.Build.0 = Debug|Any CPU
		{9494EBC2-D6B7-434E-B93B-E48DBA31DDA3}.Release|Any CPU.ActiveCfg = Release|Any CPU
		{9494EBC2-D6B7-434E-B93B-E48DBA31DDA3}.Release|Any CPU.Build.0 = Release|Any CPU
	EndGlobalSection
	GlobalSection(SolutionProperties) = preSolution
		HideSolutionNode = FALSE
	EndGlobalSection
	GlobalSection(ExtensibilityGlobals) = postSolution
		SolutionGuid = {7C70B85C-F7EA-488A-B200-DEABEC67BB61}
	EndGlobalSection
EndGlobal
