
Microsoft Visual Studio Solution File, Format Version 12.00
# Visual Studio 15
VisualStudioVersion = 15.0.28307.1231
MinimumVisualStudioVersion = 10.0.40219.1
Project("{FAE04EC0-301F-11D3-BF4B-00C04F79EFBC}") = "ArrhGrabscrab", "ArrhGrabscrab\ArrhGrabscrab.csproj", "{7AE1E48C-9776-4F6B-9FAF-AA4B0C4CB8C0}"
EndProject
Global
	GlobalSection(SolutionConfigurationPlatforms) = preSolution
		Debug|Any CPU = Debug|Any CPU
		Release|Any CPU = Release|Any CPU
	EndGlobalSection
	GlobalSection(ProjectConfigurationPlatforms) = postSolution
		{7AE1E48C-9776-4F6B-9FAF-AA4B0C4CB8C0}.Debug|Any CPU.ActiveCfg = Debug|Any CPU
		{7AE1E48C-9776-4F6B-9FAF-AA4B0C4CB8C0}.Debug|Any CPU.Build.0 = Debug|Any CPU
		{7AE1E48C-9776-4F6B-9FAF-AA4B0C4CB8C0}.Release|Any CPU.ActiveCfg = Release|Any CPU
		{7AE1E48C-9776-4F6B-9FAF-AA4B0C4CB8C0}.Release|Any CPU.Build.0 = Release|Any CPU
	EndGlobalSection
	GlobalSection(SolutionProperties) = preSolution
		HideSolutionNode = FALSE
	EndGlobalSection
	GlobalSection(ExtensibilityGlobals) = postSolution
		SolutionGuid = {F475EB72-BD9D-4C5D-A5A3-C9250DB09224}
	EndGlobalSection
EndGlobal
