
Microsoft Visual Studio Solution File, Format Version 12.00
# Visual Studio 15
VisualStudioVersion = 15.0.28307.1231
MinimumVisualStudioVersion = 10.0.40219.1
Project("{FAE04EC0-301F-11D3-BF4B-00C04F79EFBC}") = "RomanNumerDecoder", "RomanNumerDecoder\RomanNumerDecoder.csproj", "{D2A240B5-38A4-4F7D-A779-D731A629BDA8}"
EndProject
Global
	GlobalSection(SolutionConfigurationPlatforms) = preSolution
		Debug|Any CPU = Debug|Any CPU
		Release|Any CPU = Release|Any CPU
	EndGlobalSection
	GlobalSection(ProjectConfigurationPlatforms) = postSolution
		{D2A240B5-38A4-4F7D-A779-D731A629BDA8}.Debug|Any CPU.ActiveCfg = Debug|Any CPU
		{D2A240B5-38A4-4F7D-A779-D731A629BDA8}.Debug|Any CPU.Build.0 = Debug|Any CPU
		{D2A240B5-38A4-4F7D-A779-D731A629BDA8}.Release|Any CPU.ActiveCfg = Release|Any CPU
		{D2A240B5-38A4-4F7D-A779-D731A629BDA8}.Release|Any CPU.Build.0 = Release|Any CPU
	EndGlobalSection
	GlobalSection(SolutionProperties) = preSolution
		HideSolutionNode = FALSE
	EndGlobalSection
	GlobalSection(ExtensibilityGlobals) = postSolution
		SolutionGuid = {75921917-97DD-4DDE-8A27-9565C64A53B6}
	EndGlobalSection
EndGlobal
