
Microsoft Visual Studio Solution File, Format Version 12.00
# Visual Studio 15
VisualStudioVersion = 15.0.28307.1231
MinimumVisualStudioVersion = 10.0.40219.1
Project("{FAE04EC0-301F-11D3-BF4B-00C04F79EFBC}") = "BitCounter", "BitCounter\BitCounter.csproj", "{B18EBDD6-3A97-4FD1-BA50-D39F550253DB}"
EndProject
Global
	GlobalSection(SolutionConfigurationPlatforms) = preSolution
		Debug|Any CPU = Debug|Any CPU
		Release|Any CPU = Release|Any CPU
	EndGlobalSection
	GlobalSection(ProjectConfigurationPlatforms) = postSolution
		{B18EBDD6-3A97-4FD1-BA50-D39F550253DB}.Debug|Any CPU.ActiveCfg = Debug|Any CPU
		{B18EBDD6-3A97-4FD1-BA50-D39F550253DB}.Debug|Any CPU.Build.0 = Debug|Any CPU
		{B18EBDD6-3A97-4FD1-BA50-D39F550253DB}.Release|Any CPU.ActiveCfg = Release|Any CPU
		{B18EBDD6-3A97-4FD1-BA50-D39F550253DB}.Release|Any CPU.Build.0 = Release|Any CPU
	EndGlobalSection
	GlobalSection(SolutionProperties) = preSolution
		HideSolutionNode = FALSE
	EndGlobalSection
	GlobalSection(ExtensibilityGlobals) = postSolution
		SolutionGuid = {4DBB1DFB-C5CB-4F54-A0DF-F4FCACE964B8}
	EndGlobalSection
EndGlobal
