
Microsoft Visual Studio Solution File, Format Version 12.00
# Visual Studio 15
VisualStudioVersion = 15.0.28307.1231
MinimumVisualStudioVersion = 10.0.40219.1
Project("{FAE04EC0-301F-11D3-BF4B-00C04F79EFBC}") = "SumTheTree", "SumTheTree\SumTheTree.csproj", "{ABEDBA3D-E280-41D7-AD27-890E20239E27}"
EndProject
Global
	GlobalSection(SolutionConfigurationPlatforms) = preSolution
		Debug|Any CPU = Debug|Any CPU
		Release|Any CPU = Release|Any CPU
	EndGlobalSection
	GlobalSection(ProjectConfigurationPlatforms) = postSolution
		{ABEDBA3D-E280-41D7-AD27-890E20239E27}.Debug|Any CPU.ActiveCfg = Debug|Any CPU
		{ABEDBA3D-E280-41D7-AD27-890E20239E27}.Debug|Any CPU.Build.0 = Debug|Any CPU
		{ABEDBA3D-E280-41D7-AD27-890E20239E27}.Release|Any CPU.ActiveCfg = Release|Any CPU
		{ABEDBA3D-E280-41D7-AD27-890E20239E27}.Release|Any CPU.Build.0 = Release|Any CPU
	EndGlobalSection
	GlobalSection(SolutionProperties) = preSolution
		HideSolutionNode = FALSE
	EndGlobalSection
	GlobalSection(ExtensibilityGlobals) = postSolution
		SolutionGuid = {17B72A9E-1AD2-45D5-A4A5-B657EB48A3CF}
	EndGlobalSection
EndGlobal
