
Microsoft Visual Studio Solution File, Format Version 12.00
# Visual Studio 15
VisualStudioVersion = 15.0.28307.1231
MinimumVisualStudioVersion = 10.0.40219.1
Project("{FAE04EC0-301F-11D3-BF4B-00C04F79EFBC}") = "DigitalCypher", "DigitalCypher\DigitalCypher.csproj", "{76CE8BAA-5AA3-4131-91F7-6E7BA20DEBB3}"
EndProject
Global
	GlobalSection(SolutionConfigurationPlatforms) = preSolution
		Debug|Any CPU = Debug|Any CPU
		Release|Any CPU = Release|Any CPU
	EndGlobalSection
	GlobalSection(ProjectConfigurationPlatforms) = postSolution
		{76CE8BAA-5AA3-4131-91F7-6E7BA20DEBB3}.Debug|Any CPU.ActiveCfg = Debug|Any CPU
		{76CE8BAA-5AA3-4131-91F7-6E7BA20DEBB3}.Debug|Any CPU.Build.0 = Debug|Any CPU
		{76CE8BAA-5AA3-4131-91F7-6E7BA20DEBB3}.Release|Any CPU.ActiveCfg = Release|Any CPU
		{76CE8BAA-5AA3-4131-91F7-6E7BA20DEBB3}.Release|Any CPU.Build.0 = Release|Any CPU
	EndGlobalSection
	GlobalSection(SolutionProperties) = preSolution
		HideSolutionNode = FALSE
	EndGlobalSection
	GlobalSection(ExtensibilityGlobals) = postSolution
		SolutionGuid = {3B4D0FD0-4A09-4548-B741-F200BA68FFB4}
	EndGlobalSection
EndGlobal
