
Microsoft Visual Studio Solution File, Format Version 12.00
# Visual Studio 15
VisualStudioVersion = 15.0.28307.1231
MinimumVisualStudioVersion = 10.0.40219.1
Project("{FAE04EC0-301F-11D3-BF4B-00C04F79EFBC}") = "CountSmileys", "CountSmileys\CountSmileys.csproj", "{FA15ACFC-B80C-40D6-9ADA-B7D01C799074}"
EndProject
Global
	GlobalSection(SolutionConfigurationPlatforms) = preSolution
		Debug|Any CPU = Debug|Any CPU
		Release|Any CPU = Release|Any CPU
	EndGlobalSection
	GlobalSection(ProjectConfigurationPlatforms) = postSolution
		{FA15ACFC-B80C-40D6-9ADA-B7D01C799074}.Debug|Any CPU.ActiveCfg = Debug|Any CPU
		{FA15ACFC-B80C-40D6-9ADA-B7D01C799074}.Debug|Any CPU.Build.0 = Debug|Any CPU
		{FA15ACFC-B80C-40D6-9ADA-B7D01C799074}.Release|Any CPU.ActiveCfg = Release|Any CPU
		{FA15ACFC-B80C-40D6-9ADA-B7D01C799074}.Release|Any CPU.Build.0 = Release|Any CPU
	EndGlobalSection
	GlobalSection(SolutionProperties) = preSolution
		HideSolutionNode = FALSE
	EndGlobalSection
	GlobalSection(ExtensibilityGlobals) = postSolution
		SolutionGuid = {D76CC1A8-4F5B-45B1-9438-54818FEBB00A}
	EndGlobalSection
EndGlobal
