
Microsoft Visual Studio Solution File, Format Version 12.00
# Visual Studio 15
Project("{FAE04EC0-301F-11D3-BF4B-00C04F79EFBC}") = "TwoFightersOneWinner", "TwoFightersOneWinner.csproj", "{C03C6346-96D3-4B0F-9E19-972FD05D534E}"
EndProject
Global
	GlobalSection(SolutionConfigurationPlatforms) = preSolution
		Debug|Any CPU = Debug|Any CPU
		Release|Any CPU = Release|Any CPU
	EndGlobalSection
	GlobalSection(ProjectConfigurationPlatforms) = postSolution
		{C03C6346-96D3-4B0F-9E19-972FD05D534E}.Debug|Any CPU.ActiveCfg = Debug|Any CPU
		{C03C6346-96D3-4B0F-9E19-972FD05D534E}.Debug|Any CPU.Build.0 = Debug|Any CPU
		{C03C6346-96D3-4B0F-9E19-972FD05D534E}.Release|Any CPU.ActiveCfg = Release|Any CPU
		{C03C6346-96D3-4B0F-9E19-972FD05D534E}.Release|Any CPU.Build.0 = Release|Any CPU
	EndGlobalSection
EndGlobal
