
Microsoft Visual Studio Solution File, Format Version 12.00
# Visual Studio 15
VisualStudioVersion = 15.0.28307.1231
MinimumVisualStudioVersion = 10.0.40219.1
Project("{FAE04EC0-301F-11D3-BF4B-00C04F79EFBC}") = "CutRopes", "CutRopes\CutRopes.csproj", "{735E29F9-7466-4AE6-AE35-44C1FBD6492F}"
EndProject
Global
	GlobalSection(SolutionConfigurationPlatforms) = preSolution
		Debug|Any CPU = Debug|Any CPU
		Release|Any CPU = Release|Any CPU
	EndGlobalSection
	GlobalSection(ProjectConfigurationPlatforms) = postSolution
		{735E29F9-7466-4AE6-AE35-44C1FBD6492F}.Debug|Any CPU.ActiveCfg = Debug|Any CPU
		{735E29F9-7466-4AE6-AE35-44C1FBD6492F}.Debug|Any CPU.Build.0 = Debug|Any CPU
		{735E29F9-7466-4AE6-AE35-44C1FBD6492F}.Release|Any CPU.ActiveCfg = Release|Any CPU
		{735E29F9-7466-4AE6-AE35-44C1FBD6492F}.Release|Any CPU.Build.0 = Release|Any CPU
	EndGlobalSection
	GlobalSection(SolutionProperties) = preSolution
		HideSolutionNode = FALSE
	EndGlobalSection
	GlobalSection(ExtensibilityGlobals) = postSolution
		SolutionGuid = {B38483AC-0433-4977-BC29-E1A4BDE4E904}
	EndGlobalSection
EndGlobal
