
Microsoft Visual Studio Solution File, Format Version 12.00
# Visual Studio 15
VisualStudioVersion = 15.0.28307.1231
MinimumVisualStudioVersion = 10.0.40219.1
Project("{FAE04EC0-301F-11D3-BF4B-00C04F79EFBC}") = "ExpandedForm", "ExpandedForm\ExpandedForm.csproj", "{017E334D-A8DA-4A0E-B13B-91CEE9EC5B8E}"
EndProject
Global
	GlobalSection(SolutionConfigurationPlatforms) = preSolution
		Debug|Any CPU = Debug|Any CPU
		Release|Any CPU = Release|Any CPU
	EndGlobalSection
	GlobalSection(ProjectConfigurationPlatforms) = postSolution
		{017E334D-A8DA-4A0E-B13B-91CEE9EC5B8E}.Debug|Any CPU.ActiveCfg = Debug|Any CPU
		{017E334D-A8DA-4A0E-B13B-91CEE9EC5B8E}.Debug|Any CPU.Build.0 = Debug|Any CPU
		{017E334D-A8DA-4A0E-B13B-91CEE9EC5B8E}.Release|Any CPU.ActiveCfg = Release|Any CPU
		{017E334D-A8DA-4A0E-B13B-91CEE9EC5B8E}.Release|Any CPU.Build.0 = Release|Any CPU
	EndGlobalSection
	GlobalSection(SolutionProperties) = preSolution
		HideSolutionNode = FALSE
	EndGlobalSection
	GlobalSection(ExtensibilityGlobals) = postSolution
		SolutionGuid = {E97D07AD-8020-4E5D-83FE-C85EB4FCAFD3}
	EndGlobalSection
EndGlobal
