
Microsoft Visual Studio Solution File, Format Version 12.00
# Visual Studio 15
VisualStudioVersion = 15.0.28307.1231
MinimumVisualStudioVersion = 10.0.40219.1
Project("{FAE04EC0-301F-11D3-BF4B-00C04F79EFBC}") = "Visitor", "Visitor\Visitor.csproj", "{C2E3BEBE-25FC-4D5F-BFCB-57C6356BF6FF}"
EndProject
Global
	GlobalSection(SolutionConfigurationPlatforms) = preSolution
		Debug|Any CPU = Debug|Any CPU
		Release|Any CPU = Release|Any CPU
	EndGlobalSection
	GlobalSection(ProjectConfigurationPlatforms) = postSolution
		{C2E3BEBE-25FC-4D5F-BFCB-57C6356BF6FF}.Debug|Any CPU.ActiveCfg = Debug|Any CPU
		{C2E3BEBE-25FC-4D5F-BFCB-57C6356BF6FF}.Debug|Any CPU.Build.0 = Debug|Any CPU
		{C2E3BEBE-25FC-4D5F-BFCB-57C6356BF6FF}.Release|Any CPU.ActiveCfg = Release|Any CPU
		{C2E3BEBE-25FC-4D5F-BFCB-57C6356BF6FF}.Release|Any CPU.Build.0 = Release|Any CPU
	EndGlobalSection
	GlobalSection(SolutionProperties) = preSolution
		HideSolutionNode = FALSE
	EndGlobalSection
	GlobalSection(ExtensibilityGlobals) = postSolution
		SolutionGuid = {8B92E6D4-6D98-4003-83FB-904AAD7D51AC}
	EndGlobalSection
EndGlobal
