
Microsoft Visual Studio Solution File, Format Version 12.00
Project("{FAE04EC0-301F-11D3-BF4B-00C04F79EFBC}") = "RemoveParentheses", "RemoveParentheses.csproj", "{BCC0C26E-E87C-4C9F-AB0B-2D0BDB0A5A0E}"
EndProject
Global
	GlobalSection(SolutionConfigurationPlatforms) = preSolution
		Debug|Any CPU = Debug|Any CPU
		Release|Any CPU = Release|Any CPU
	EndGlobalSection
	GlobalSection(ProjectConfigurationPlatforms) = postSolution
		{BCC0C26E-E87C-4C9F-AB0B-2D0BDB0A5A0E}.Debug|Any CPU.ActiveCfg = Debug|Any CPU
		{BCC0C26E-E87C-4C9F-AB0B-2D0BDB0A5A0E}.Debug|Any CPU.Build.0 = Debug|Any CPU
		{BCC0C26E-E87C-4C9F-AB0B-2D0BDB0A5A0E}.Release|Any CPU.ActiveCfg = Release|Any CPU
		{BCC0C26E-E87C-4C9F-AB0B-2D0BDB0A5A0E}.Release|Any CPU.Build.0 = Release|Any CPU
	EndGlobalSection
EndGlobal
