
Microsoft Visual Studio Solution File, Format Version 12.00
# Visual Studio 15
VisualStudioVersion = 15.0.28307.1231
MinimumVisualStudioVersion = 10.0.40219.1
Project("{FAE04EC0-301F-11D3-BF4B-00C04F79EFBC}") = "Base64Encoding", "Base64Encoding\Base64Encoding.csproj", "{5A9A615B-C576-402E-A5D8-AA6A63580E5F}"
EndProject
Global
	GlobalSection(SolutionConfigurationPlatforms) = preSolution
		Debug|Any CPU = Debug|Any CPU
		Release|Any CPU = Release|Any CPU
	EndGlobalSection
	GlobalSection(ProjectConfigurationPlatforms) = postSolution
		{5A9A615B-C576-402E-A5D8-AA6A63580E5F}.Debug|Any CPU.ActiveCfg = Debug|Any CPU
		{5A9A615B-C576-402E-A5D8-AA6A63580E5F}.Debug|Any CPU.Build.0 = Debug|Any CPU
		{5A9A615B-C576-402E-A5D8-AA6A63580E5F}.Release|Any CPU.ActiveCfg = Release|Any CPU
		{5A9A615B-C576-402E-A5D8-AA6A63580E5F}.Release|Any CPU.Build.0 = Release|Any CPU
	EndGlobalSection
	GlobalSection(SolutionProperties) = preSolution
		HideSolutionNode = FALSE
	EndGlobalSection
	GlobalSection(ExtensibilityGlobals) = postSolution
		SolutionGuid = {38E7B4FF-FF61-4568-A6CF-75AD3F95E63F}
	EndGlobalSection
EndGlobal
