
Microsoft Visual Studio Solution File, Format Version 12.00
Project("{FAE04EC0-301F-11D3-BF4B-00C04F79EFBC}") = "HighestScoringWord", "HighestScoringWord.csproj", "{60E8330F-2A75-428F-BA05-B1E5CDB2EF5F}"
EndProject
Global
	GlobalSection(SolutionConfigurationPlatforms) = preSolution
		Debug|Any CPU = Debug|Any CPU
		Release|Any CPU = Release|Any CPU
	EndGlobalSection
	GlobalSection(ProjectConfigurationPlatforms) = postSolution
		{60E8330F-2A75-428F-BA05-B1E5CDB2EF5F}.Debug|Any CPU.ActiveCfg = Debug|Any CPU
		{60E8330F-2A75-428F-BA05-B1E5CDB2EF5F}.Debug|Any CPU.Build.0 = Debug|Any CPU
		{60E8330F-2A75-428F-BA05-B1E5CDB2EF5F}.Release|Any CPU.ActiveCfg = Release|Any CPU
		{60E8330F-2A75-428F-BA05-B1E5CDB2EF5F}.Release|Any CPU.Build.0 = Release|Any CPU
	EndGlobalSection
EndGlobal
