
Microsoft Visual Studio Solution File, Format Version 12.00
# Visual Studio 15
VisualStudioVersion = 15.0.28307.1231
MinimumVisualStudioVersion = 10.0.40219.1
Project("{FAE04EC0-301F-11D3-BF4B-00C04F79EFBC}") = "IPValidation", "IPValidation\IPValidation.csproj", "{951866B2-F58A-4BA8-AE37-9D4D9D468350}"
EndProject
Global
	GlobalSection(SolutionConfigurationPlatforms) = preSolution
		Debug|Any CPU = Debug|Any CPU
		Release|Any CPU = Release|Any CPU
	EndGlobalSection
	GlobalSection(ProjectConfigurationPlatforms) = postSolution
		{951866B2-F58A-4BA8-AE37-9D4D9D468350}.Debug|Any CPU.ActiveCfg = Debug|Any CPU
		{951866B2-F58A-4BA8-AE37-9D4D9D468350}.Debug|Any CPU.Build.0 = Debug|Any CPU
		{951866B2-F58A-4BA8-AE37-9D4D9D468350}.Release|Any CPU.ActiveCfg = Release|Any CPU
		{951866B2-F58A-4BA8-AE37-9D4D9D468350}.Release|Any CPU.Build.0 = Release|Any CPU
	EndGlobalSection
	GlobalSection(SolutionProperties) = preSolution
		HideSolutionNode = FALSE
	EndGlobalSection
	GlobalSection(ExtensibilityGlobals) = postSolution
		SolutionGuid = {7CB245F2-99B4-45E2-8934-05A00DC1D051}
	EndGlobalSection
EndGlobal
