
Microsoft Visual Studio Solution File, Format Version 12.00
# Visual Studio 15
Project("{FAE04EC0-301F-11D3-BF4B-00C04F79EFBC}") = "PersistentBugger", "PersistentBugger.csproj", "{9952B7AF-2CFB-4E31-8AEB-0A687CD34B10}"
EndProject
Global
	GlobalSection(SolutionConfigurationPlatforms) = preSolution
		Debug|Any CPU = Debug|Any CPU
		Release|Any CPU = Release|Any CPU
	EndGlobalSection
	GlobalSection(ProjectConfigurationPlatforms) = postSolution
		{9952B7AF-2CFB-4E31-8AEB-0A687CD34B10}.Debug|Any CPU.ActiveCfg = Debug|Any CPU
		{9952B7AF-2CFB-4E31-8AEB-0A687CD34B10}.Debug|Any CPU.Build.0 = Debug|Any CPU
		{9952B7AF-2CFB-4E31-8AEB-0A687CD34B10}.Release|Any CPU.ActiveCfg = Release|Any CPU
		{9952B7AF-2CFB-4E31-8AEB-0A687CD34B10}.Release|Any CPU.Build.0 = Release|Any CPU
	EndGlobalSection
EndGlobal
