
Microsoft Visual Studio Solution File, Format Version 12.00
# Visual Studio 15
VisualStudioVersion = 15.0.28307.1231
MinimumVisualStudioVersion = 10.0.40219.1
Project("{FAE04EC0-301F-11D3-BF4B-00C04F79EFBC}") = "PatternCraftDecorator", "PatternCraftDecorator\PatternCraftDecorator.csproj", "{06CD93BD-E0D1-4E5F-9C9A-1268EF6E3BD9}"
EndProject
Global
	GlobalSection(SolutionConfigurationPlatforms) = preSolution
		Debug|Any CPU = Debug|Any CPU
		Release|Any CPU = Release|Any CPU
	EndGlobalSection
	GlobalSection(ProjectConfigurationPlatforms) = postSolution
		{06CD93BD-E0D1-4E5F-9C9A-1268EF6E3BD9}.Debug|Any CPU.ActiveCfg = Debug|Any CPU
		{06CD93BD-E0D1-4E5F-9C9A-1268EF6E3BD9}.Debug|Any CPU.Build.0 = Debug|Any CPU
		{06CD93BD-E0D1-4E5F-9C9A-1268EF6E3BD9}.Release|Any CPU.ActiveCfg = Release|Any CPU
		{06CD93BD-E0D1-4E5F-9C9A-1268EF6E3BD9}.Release|Any CPU.Build.0 = Release|Any CPU
	EndGlobalSection
	GlobalSection(SolutionProperties) = preSolution
		HideSolutionNode = FALSE
	EndGlobalSection
	GlobalSection(ExtensibilityGlobals) = postSolution
		SolutionGuid = {855930FB-A450-416E-BF43-937CE4E34786}
	EndGlobalSection
EndGlobal
