
Microsoft Visual Studio Solution File, Format Version 12.00
# Visual Studio 15
VisualStudioVersion = 15.0.28307.1231
MinimumVisualStudioVersion = 10.0.40219.1
Project("{FAE04EC0-301F-11D3-BF4B-00C04F79EFBC}") = "ZooPatrol", "ZooPatrol\ZooPatrol.csproj", "{D58DE833-D993-41B1-9632-506C13BE2A22}"
EndProject
Global
	GlobalSection(SolutionConfigurationPlatforms) = preSolution
		Debug|Any CPU = Debug|Any CPU
		Release|Any CPU = Release|Any CPU
	EndGlobalSection
	GlobalSection(ProjectConfigurationPlatforms) = postSolution
		{D58DE833-D993-41B1-9632-506C13BE2A22}.Debug|Any CPU.ActiveCfg = Debug|Any CPU
		{D58DE833-D993-41B1-9632-506C13BE2A22}.Debug|Any CPU.Build.0 = Debug|Any CPU
		{D58DE833-D993-41B1-9632-506C13BE2A22}.Release|Any CPU.ActiveCfg = Release|Any CPU
		{D58DE833-D993-41B1-9632-506C13BE2A22}.Release|Any CPU.Build.0 = Release|Any CPU
	EndGlobalSection
	GlobalSection(SolutionProperties) = preSolution
		HideSolutionNode = FALSE
	EndGlobalSection
	GlobalSection(ExtensibilityGlobals) = postSolution
		SolutionGuid = {FB786275-53F2-4959-8628-54219F14933F}
	EndGlobalSection
EndGlobal
