
Microsoft Visual Studio Solution File, Format Version 12.00
# Visual Studio 15
Project("{FAE04EC0-301F-11D3-BF4B-00C04F79EFBC}") = "BitCounting", "BitCounting.csproj", "{CED1D238-A6D5-466C-81CD-E1757223FEBA}"
EndProject
Global
	GlobalSection(SolutionConfigurationPlatforms) = preSolution
		Debug|Any CPU = Debug|Any CPU
		Release|Any CPU = Release|Any CPU
	EndGlobalSection
	GlobalSection(ProjectConfigurationPlatforms) = postSolution
		{CED1D238-A6D5-466C-81CD-E1757223FEBA}.Debug|Any CPU.ActiveCfg = Debug|Any CPU
		{CED1D238-A6D5-466C-81CD-E1757223FEBA}.Debug|Any CPU.Build.0 = Debug|Any CPU
		{CED1D238-A6D5-466C-81CD-E1757223FEBA}.Release|Any CPU.ActiveCfg = Release|Any CPU
		{CED1D238-A6D5-466C-81CD-E1757223FEBA}.Release|Any CPU.Build.0 = Release|Any CPU
	EndGlobalSection
EndGlobal
