
Microsoft Visual Studio Solution File, Format Version 12.00
Project("{FAE04EC0-301F-11D3-BF4B-00C04F79EFBC}") = "CasinoChips", "CasinoChips.csproj", "{449DAFDD-D754-43C6-B3C7-9A2A3D07C7DE}"
EndProject
Global
	GlobalSection(SolutionConfigurationPlatforms) = preSolution
		Debug|Any CPU = Debug|Any CPU
		Release|Any CPU = Release|Any CPU
	EndGlobalSection
	GlobalSection(ProjectConfigurationPlatforms) = postSolution
		{449DAFDD-D754-43C6-B3C7-9A2A3D07C7DE}.Debug|Any CPU.ActiveCfg = Debug|Any CPU
		{449DAFDD-D754-43C6-B3C7-9A2A3D07C7DE}.Debug|Any CPU.Build.0 = Debug|Any CPU
		{449DAFDD-D754-43C6-B3C7-9A2A3D07C7DE}.Release|Any CPU.ActiveCfg = Release|Any CPU
		{449DAFDD-D754-43C6-B3C7-9A2A3D07C7DE}.Release|Any CPU.Build.0 = Release|Any CPU
	EndGlobalSection
EndGlobal
