
Microsoft Visual Studio Solution File, Format Version 12.00
# Visual Studio 15
Project("{FAE04EC0-301F-11D3-BF4B-00C04F79EFBC}") = "SimpleEncryption", "SimpleEncryption.csproj", "{09DA1725-E249-4109-808A-C1A2F8BC6BFE}"
EndProject
Global
	GlobalSection(SolutionConfigurationPlatforms) = preSolution
		Debug|Any CPU = Debug|Any CPU
		Release|Any CPU = Release|Any CPU
	EndGlobalSection
	GlobalSection(ProjectConfigurationPlatforms) = postSolution
		{09DA1725-E249-4109-808A-C1A2F8BC6BFE}.Debug|Any CPU.ActiveCfg = Debug|Any CPU
		{09DA1725-E249-4109-808A-C1A2F8BC6BFE}.Debug|Any CPU.Build.0 = Debug|Any CPU
		{09DA1725-E249-4109-808A-C1A2F8BC6BFE}.Release|Any CPU.ActiveCfg = Release|Any CPU
		{09DA1725-E249-4109-808A-C1A2F8BC6BFE}.Release|Any CPU.Build.0 = Release|Any CPU
	EndGlobalSection
EndGlobal
