
Microsoft Visual Studio Solution File, Format Version 12.00
Project("{FAE04EC0-301F-11D3-BF4B-00C04F79EFBC}") = "GA-DE-RY-PO-LU-KICypher", "GA-DE-RY-PO-LU-KICypher.csproj", "{90F6A440-137D-4877-83F1-DABF18F8CA95}"
EndProject
Global
	GlobalSection(SolutionConfigurationPlatforms) = preSolution
		Debug|Any CPU = Debug|Any CPU
		Release|Any CPU = Release|Any CPU
	EndGlobalSection
	GlobalSection(ProjectConfigurationPlatforms) = postSolution
		{90F6A440-137D-4877-83F1-DABF18F8CA95}.Debug|Any CPU.ActiveCfg = Debug|Any CPU
		{90F6A440-137D-4877-83F1-DABF18F8CA95}.Debug|Any CPU.Build.0 = Debug|Any CPU
		{90F6A440-137D-4877-83F1-DABF18F8CA95}.Release|Any CPU.ActiveCfg = Release|Any CPU
		{90F6A440-137D-4877-83F1-DABF18F8CA95}.Release|Any CPU.Build.0 = Release|Any CPU
	EndGlobalSection
EndGlobal
