
Microsoft Visual Studio Solution File, Format Version 12.00
# Visual Studio 15
VisualStudioVersion = 15.0.28307.1231
MinimumVisualStudioVersion = 10.0.40219.1
Project("{FAE04EC0-301F-11D3-BF4B-00C04F79EFBC}") = "BinaryAddition", "BinaryAddition\BinaryAddition.csproj", "{572CD610-C252-4A0D-BD16-38D5D873A322}"
EndProject
Global
	GlobalSection(SolutionConfigurationPlatforms) = preSolution
		Debug|Any CPU = Debug|Any CPU
		Release|Any CPU = Release|Any CPU
	EndGlobalSection
	GlobalSection(ProjectConfigurationPlatforms) = postSolution
		{572CD610-C252-4A0D-BD16-38D5D873A322}.Debug|Any CPU.ActiveCfg = Debug|Any CPU
		{572CD610-C252-4A0D-BD16-38D5D873A322}.Debug|Any CPU.Build.0 = Debug|Any CPU
		{572CD610-C252-4A0D-BD16-38D5D873A322}.Release|Any CPU.ActiveCfg = Release|Any CPU
		{572CD610-C252-4A0D-BD16-38D5D873A322}.Release|Any CPU.Build.0 = Release|Any CPU
	EndGlobalSection
	GlobalSection(SolutionProperties) = preSolution
		HideSolutionNode = FALSE
	EndGlobalSection
	GlobalSection(ExtensibilityGlobals) = postSolution
		SolutionGuid = {5ABBCB3E-EF3D-4CE7-8556-0AC6AEA7B0FB}
	EndGlobalSection
EndGlobal
