
Microsoft Visual Studio Solution File, Format Version 12.00
# Visual Studio 15
VisualStudioVersion = 15.0.28307.1231
MinimumVisualStudioVersion = 10.0.40219.1
Project("{FAE04EC0-301F-11D3-BF4B-00C04F79EFBC}") = "WordsToHex", "WordsToHex\WordsToHex.csproj", "{E32F3AED-8509-4D58-AAF4-6B5C71E3EF2B}"
EndProject
Global
	GlobalSection(SolutionConfigurationPlatforms) = preSolution
		Debug|Any CPU = Debug|Any CPU
		Release|Any CPU = Release|Any CPU
	EndGlobalSection
	GlobalSection(ProjectConfigurationPlatforms) = postSolution
		{E32F3AED-8509-4D58-AAF4-6B5C71E3EF2B}.Debug|Any CPU.ActiveCfg = Debug|Any CPU
		{E32F3AED-8509-4D58-AAF4-6B5C71E3EF2B}.Debug|Any CPU.Build.0 = Debug|Any CPU
		{E32F3AED-8509-4D58-AAF4-6B5C71E3EF2B}.Release|Any CPU.ActiveCfg = Release|Any CPU
		{E32F3AED-8509-4D58-AAF4-6B5C71E3EF2B}.Release|Any CPU.Build.0 = Release|Any CPU
	EndGlobalSection
	GlobalSection(SolutionProperties) = preSolution
		HideSolutionNode = FALSE
	EndGlobalSection
	GlobalSection(ExtensibilityGlobals) = postSolution
		SolutionGuid = {47FBBC6E-4808-4245-87B8-C3D6C4331CDB}
	EndGlobalSection
EndGlobal
