
Microsoft Visual Studio Solution File, Format Version 12.00
Project("{FAE04EC0-301F-11D3-BF4B-00C04F79EFBC}") = "ReverseLL", "ReverseLL.csproj", "{35239A72-DA1E-4DCD-B7F4-9862FDFCA593}"
EndProject
Global
	GlobalSection(SolutionConfigurationPlatforms) = preSolution
		Debug|Any CPU = Debug|Any CPU
		Release|Any CPU = Release|Any CPU
	EndGlobalSection
	GlobalSection(ProjectConfigurationPlatforms) = postSolution
		{35239A72-DA1E-4DCD-B7F4-9862FDFCA593}.Debug|Any CPU.ActiveCfg = Debug|Any CPU
		{35239A72-DA1E-4DCD-B7F4-9862FDFCA593}.Debug|Any CPU.Build.0 = Debug|Any CPU
		{35239A72-DA1E-4DCD-B7F4-9862FDFCA593}.Release|Any CPU.ActiveCfg = Release|Any CPU
		{35239A72-DA1E-4DCD-B7F4-9862FDFCA593}.Release|Any CPU.Build.0 = Release|Any CPU
	EndGlobalSection
EndGlobal
