
Microsoft Visual Studio Solution File, Format Version 12.00
Project("{FAE04EC0-301F-11D3-BF4B-00C04F79EFBC}") = "SortingByBits", "SortingByBits.csproj", "{8A1C64C3-C22C-489F-A613-A745D7E1F72B}"
EndProject
Global
	GlobalSection(SolutionConfigurationPlatforms) = preSolution
		Debug|Any CPU = Debug|Any CPU
		Release|Any CPU = Release|Any CPU
	EndGlobalSection
	GlobalSection(ProjectConfigurationPlatforms) = postSolution
		{8A1C64C3-C22C-489F-A613-A745D7E1F72B}.Debug|Any CPU.ActiveCfg = Debug|Any CPU
		{8A1C64C3-C22C-489F-A613-A745D7E1F72B}.Debug|Any CPU.Build.0 = Debug|Any CPU
		{8A1C64C3-C22C-489F-A613-A745D7E1F72B}.Release|Any CPU.ActiveCfg = Release|Any CPU
		{8A1C64C3-C22C-489F-A613-A745D7E1F72B}.Release|Any CPU.Build.0 = Release|Any CPU
	EndGlobalSection
EndGlobal
