
Microsoft Visual Studio Solution File, Format Version 12.00
# Visual Studio 15
VisualStudioVersion = 15.0.28307.1231
MinimumVisualStudioVersion = 10.0.40219.1
Project("{FAE04EC0-301F-11D3-BF4B-00C04F79EFBC}") = "ValidateMyPassword", "ValidateMyPassword\ValidateMyPassword.csproj", "{C8266B9F-F456-49C5-A151-0AB6DAC5DCCA}"
EndProject
Global
	GlobalSection(SolutionConfigurationPlatforms) = preSolution
		Debug|Any CPU = Debug|Any CPU
		Release|Any CPU = Release|Any CPU
	EndGlobalSection
	GlobalSection(ProjectConfigurationPlatforms) = postSolution
		{C8266B9F-F456-49C5-A151-0AB6DAC5DCCA}.Debug|Any CPU.ActiveCfg = Debug|Any CPU
		{C8266B9F-F456-49C5-A151-0AB6DAC5DCCA}.Debug|Any CPU.Build.0 = Debug|Any CPU
		{C8266B9F-F456-49C5-A151-0AB6DAC5DCCA}.Release|Any CPU.ActiveCfg = Release|Any CPU
		{C8266B9F-F456-49C5-A151-0AB6DAC5DCCA}.Release|Any CPU.Build.0 = Release|Any CPU
	EndGlobalSection
	GlobalSection(SolutionProperties) = preSolution
		HideSolutionNode = FALSE
	EndGlobalSection
	GlobalSection(ExtensibilityGlobals) = postSolution
		SolutionGuid = {4BAE40EC-57B2-4213-B913-3EB7B7350DB9}
	EndGlobalSection
EndGlobal
