
Microsoft Visual Studio Solution File, Format Version 12.00
# Visual Studio 15
VisualStudioVersion = 15.0.28307.1231
MinimumVisualStudioVersion = 10.0.40219.1
Project("{FAE04EC0-301F-11D3-BF4B-00C04F79EFBC}") = "BreakСamelCase", "BreakСamelCase\BreakСamelCase.csproj", "{04FE249F-0BFB-4A20-A50F-8E85F76B20EC}"
EndProject
Global
	GlobalSection(SolutionConfigurationPlatforms) = preSolution
		Debug|Any CPU = Debug|Any CPU
		Release|Any CPU = Release|Any CPU
	EndGlobalSection
	GlobalSection(ProjectConfigurationPlatforms) = postSolution
		{04FE249F-0BFB-4A20-A50F-8E85F76B20EC}.Debug|Any CPU.ActiveCfg = Debug|Any CPU
		{04FE249F-0BFB-4A20-A50F-8E85F76B20EC}.Debug|Any CPU.Build.0 = Debug|Any CPU
		{04FE249F-0BFB-4A20-A50F-8E85F76B20EC}.Release|Any CPU.ActiveCfg = Release|Any CPU
		{04FE249F-0BFB-4A20-A50F-8E85F76B20EC}.Release|Any CPU.Build.0 = Release|Any CPU
	EndGlobalSection
	GlobalSection(SolutionProperties) = preSolution
		HideSolutionNode = FALSE
	EndGlobalSection
	GlobalSection(ExtensibilityGlobals) = postSolution
		SolutionGuid = {6148E9A4-CCF8-4378-851C-B231EDFAA209}
	EndGlobalSection
EndGlobal
