
Microsoft Visual Studio Solution File, Format Version 12.00
# Visual Studio 15
VisualStudioVersion = 15.0.28307.1231
MinimumVisualStudioVersion = 10.0.40219.1
Project("{FAE04EC0-301F-11D3-BF4B-00C04F79EFBC}") = "RGBToHexConversion", "RGBToHexConversion\RGBToHexConversion.csproj", "{6DB93464-BE73-4467-B9CB-B3304B25C23C}"
EndProject
Global
	GlobalSection(SolutionConfigurationPlatforms) = preSolution
		Debug|Any CPU = Debug|Any CPU
		Release|Any CPU = Release|Any CPU
	EndGlobalSection
	GlobalSection(ProjectConfigurationPlatforms) = postSolution
		{6DB93464-BE73-4467-B9CB-B3304B25C23C}.Debug|Any CPU.ActiveCfg = Debug|Any CPU
		{6DB93464-BE73-4467-B9CB-B3304B25C23C}.Debug|Any CPU.Build.0 = Debug|Any CPU
		{6DB93464-BE73-4467-B9CB-B3304B25C23C}.Release|Any CPU.ActiveCfg = Release|Any CPU
		{6DB93464-BE73-4467-B9CB-B3304B25C23C}.Release|Any CPU.Build.0 = Release|Any CPU
	EndGlobalSection
	GlobalSection(SolutionProperties) = preSolution
		HideSolutionNode = FALSE
	EndGlobalSection
	GlobalSection(ExtensibilityGlobals) = postSolution
		SolutionGuid = {F8310AEC-50C4-4D36-8162-E2BFE935C8BE}
	EndGlobalSection
EndGlobal
