
Microsoft Visual Studio Solution File, Format Version 12.00
Project("{FAE04EC0-301F-11D3-BF4B-00C04F79EFBC}") = "Form The Largest", "Form The Largest\Form The Largest.csproj", "{61231328-B0D2-4D3B-A5FE-EA7B90A37781}"
EndProject
Global
	GlobalSection(SolutionConfigurationPlatforms) = preSolution
		Debug|Any CPU = Debug|Any CPU
		Release|Any CPU = Release|Any CPU
	EndGlobalSection
	GlobalSection(ProjectConfigurationPlatforms) = postSolution
		{61231328-B0D2-4D3B-A5FE-EA7B90A37781}.Debug|Any CPU.ActiveCfg = Debug|Any CPU
		{61231328-B0D2-4D3B-A5FE-EA7B90A37781}.Debug|Any CPU.Build.0 = Debug|Any CPU
		{61231328-B0D2-4D3B-A5FE-EA7B90A37781}.Release|Any CPU.ActiveCfg = Release|Any CPU
		{61231328-B0D2-4D3B-A5FE-EA7B90A37781}.Release|Any CPU.Build.0 = Release|Any CPU
	EndGlobalSection
EndGlobal
